
Microsoft Visual Studio Solution File, Format Version 12.00
# Visual Studio Version 17
VisualStudioVersion = 17.7.34031.279
MinimumVisualStudioVersion = 10.0.40219.1
Project("{FAE04EC0-301F-11D3-BF4B-00C04F79EFBC}") = "CodePulse.API", "CodePulse.API\CodePulse.API.csproj", "{FCC7FAF3-914D-40EE-B963-A1042B3CA92F}"
EndProject
Global
	GlobalSection(SolutionConfigurationPlatforms) = preSolution
		Debug|Any CPU = Debug|Any CPU
		Release|Any CPU = Release|Any CPU
	EndGlobalSection
	GlobalSection(ProjectConfigurationPlatforms) = postSolution
		{FCC7FAF3-914D-40EE-B963-A1042B3CA92F}.Debug|Any CPU.ActiveCfg = Debug|Any CPU
		{FCC7FAF3-914D-40EE-B963-A1042B3CA92F}.Debug|Any CPU.Build.0 = Debug|Any CPU
		{FCC7FAF3-914D-40EE-B963-A1042B3CA92F}.Release|Any CPU.ActiveCfg = Release|Any CPU
		{FCC7FAF3-914D-40EE-B963-A1042B3CA92F}.Release|Any CPU.Build.0 = Release|Any CPU
	EndGlobalSection
	GlobalSection(SolutionProperties) = preSolution
		HideSolutionNode = FALSE
	EndGlobalSection
	GlobalSection(ExtensibilityGlobals) = postSolution
		SolutionGuid = {7FF2DB53-A0F4-4751-9B7D-C37DB2B42496}
	EndGlobalSection
EndGlobal
